
Microsoft Visual Studio Solution File, Format Version 12.00
# Visual Studio 14
VisualStudioVersion = 14.0.25420.1
MinimumVisualStudioVersion = 10.0.40219.1
Project("{8BC9CEB8-8B4A-11D0-8D11-00A0C91BC942}") = "VisibilityManager", "VisibilityAndResourceManager\VisibilityManager.vcxproj", "{346E964D-FB42-4D46-BA61-E5D0ADB9E819}"
EndProject
Project("{8BC9CEB8-8B4A-11D0-8D11-00A0C91BC942}") = "ResourceManager", "VisibilityAndResourceManager\ResourceManager.vcxproj", "{B2275E04-61D7-45AE-805E-7689E2EE3489}"
	ProjectSection(ProjectDependencies) = postProject
		{346E964D-FB42-4D46-BA61-E5D0ADB9E819} = {346E964D-FB42-4D46-BA61-E5D0ADB9E819}
		{74537888-B62D-4109-A9B7-2DB7161708BA} = {74537888-B62D-4109-A9B7-2DB7161708BA}
	EndProjectSection
EndProject
Project("{8BC9CEB8-8B4A-11D0-8D11-00A0C91BC942}") = "D2DTextRender", "D2DTextRender\D2DTextRender.vcxproj", "{74537888-B62D-4109-A9B7-2DB7161708BA}"
EndProject
Project("{8BC9CEB8-8B4A-11D0-8D11-00A0C91BC942}") = "HeightfieldConverter", "HeightfieldConverter\HeightfieldConverter.vcxproj", "{49A72C94-92FB-4052-B8A0-CC7CE509A83E}"
EndProject
Project("{8BC9CEB8-8B4A-11D0-8D11-00A0C91BC942}") = "TerrainManager", "TerrainDataManager\TerrainDataManager.vcxproj", "{532C3BB1-8D39-44FF-A879-A3E423A0CBC7}"
	ProjectSection(ProjectDependencies) = postProject
		{B2275E04-61D7-45AE-805E-7689E2EE3489} = {B2275E04-61D7-45AE-805E-7689E2EE3489}
		{346E964D-FB42-4D46-BA61-E5D0ADB9E819} = {346E964D-FB42-4D46-BA61-E5D0ADB9E819}
		{74537888-B62D-4109-A9B7-2DB7161708BA} = {74537888-B62D-4109-A9B7-2DB7161708BA}
		{49A72C94-92FB-4052-B8A0-CC7CE509A83E} = {49A72C94-92FB-4052-B8A0-CC7CE509A83E}
	EndProjectSection
EndProject
Project("{8BC9CEB8-8B4A-11D0-8D11-00A0C91BC942}") = "PlanetTerrainViewer", "PlanetTerrainViewer\PlanetTerrainViewer.vcxproj", "{65FE00EE-D8E4-4020-A8C2-634F72361B7C}"
	ProjectSection(ProjectDependencies) = postProject
		{B2275E04-61D7-45AE-805E-7689E2EE3489} = {B2275E04-61D7-45AE-805E-7689E2EE3489}
		{346E964D-FB42-4D46-BA61-E5D0ADB9E819} = {346E964D-FB42-4D46-BA61-E5D0ADB9E819}
		{74537888-B62D-4109-A9B7-2DB7161708BA} = {74537888-B62D-4109-A9B7-2DB7161708BA}
		{49A72C94-92FB-4052-B8A0-CC7CE509A83E} = {49A72C94-92FB-4052-B8A0-CC7CE509A83E}
		{532C3BB1-8D39-44FF-A879-A3E423A0CBC7} = {532C3BB1-8D39-44FF-A879-A3E423A0CBC7}
	EndProjectSection
EndProject
Global
	GlobalSection(SolutionConfigurationPlatforms) = preSolution
		Debug|x64 = Debug|x64
		Debug|x86 = Debug|x86
		DebugISO|x64 = DebugISO|x64
		DebugISO|x86 = DebugISO|x86
		Release|x64 = Release|x64
		Release|x86 = Release|x86
	EndGlobalSection
	GlobalSection(ProjectConfigurationPlatforms) = postSolution
		{346E964D-FB42-4D46-BA61-E5D0ADB9E819}.Debug|x64.ActiveCfg = Debug|x64
		{346E964D-FB42-4D46-BA61-E5D0ADB9E819}.Debug|x64.Build.0 = Debug|x64
		{346E964D-FB42-4D46-BA61-E5D0ADB9E819}.Debug|x86.ActiveCfg = Debug|Win32
		{346E964D-FB42-4D46-BA61-E5D0ADB9E819}.Debug|x86.Build.0 = Debug|Win32
		{346E964D-FB42-4D46-BA61-E5D0ADB9E819}.DebugISO|x64.ActiveCfg = DebugISO|x64
		{346E964D-FB42-4D46-BA61-E5D0ADB9E819}.DebugISO|x64.Build.0 = DebugISO|x64
		{346E964D-FB42-4D46-BA61-E5D0ADB9E819}.DebugISO|x86.ActiveCfg = DebugISO|Win32
		{346E964D-FB42-4D46-BA61-E5D0ADB9E819}.DebugISO|x86.Build.0 = DebugISO|Win32
		{346E964D-FB42-4D46-BA61-E5D0ADB9E819}.Release|x64.ActiveCfg = Release|x64
		{346E964D-FB42-4D46-BA61-E5D0ADB9E819}.Release|x64.Build.0 = Release|x64
		{346E964D-FB42-4D46-BA61-E5D0ADB9E819}.Release|x86.ActiveCfg = Release|Win32
		{346E964D-FB42-4D46-BA61-E5D0ADB9E819}.Release|x86.Build.0 = Release|Win32
		{B2275E04-61D7-45AE-805E-7689E2EE3489}.Debug|x64.ActiveCfg = Debug|x64
		{B2275E04-61D7-45AE-805E-7689E2EE3489}.Debug|x64.Build.0 = Debug|x64
		{B2275E04-61D7-45AE-805E-7689E2EE3489}.Debug|x86.ActiveCfg = Debug|Win32
		{B2275E04-61D7-45AE-805E-7689E2EE3489}.Debug|x86.Build.0 = Debug|Win32
		{B2275E04-61D7-45AE-805E-7689E2EE3489}.DebugISO|x64.ActiveCfg = DebugISO|x64
		{B2275E04-61D7-45AE-805E-7689E2EE3489}.DebugISO|x64.Build.0 = DebugISO|x64
		{B2275E04-61D7-45AE-805E-7689E2EE3489}.DebugISO|x86.ActiveCfg = DebugISO|Win32
		{B2275E04-61D7-45AE-805E-7689E2EE3489}.DebugISO|x86.Build.0 = DebugISO|Win32
		{B2275E04-61D7-45AE-805E-7689E2EE3489}.Release|x64.ActiveCfg = Release|x64
		{B2275E04-61D7-45AE-805E-7689E2EE3489}.Release|x64.Build.0 = Release|x64
		{B2275E04-61D7-45AE-805E-7689E2EE3489}.Release|x86.ActiveCfg = Release|Win32
		{B2275E04-61D7-45AE-805E-7689E2EE3489}.Release|x86.Build.0 = Release|Win32
		{74537888-B62D-4109-A9B7-2DB7161708BA}.Debug|x64.ActiveCfg = Debug|x64
		{74537888-B62D-4109-A9B7-2DB7161708BA}.Debug|x64.Build.0 = Debug|x64
		{74537888-B62D-4109-A9B7-2DB7161708BA}.Debug|x86.ActiveCfg = Debug|Win32
		{74537888-B62D-4109-A9B7-2DB7161708BA}.Debug|x86.Build.0 = Debug|Win32
		{74537888-B62D-4109-A9B7-2DB7161708BA}.DebugISO|x64.ActiveCfg = DebugISO|x64
		{74537888-B62D-4109-A9B7-2DB7161708BA}.DebugISO|x64.Build.0 = DebugISO|x64
		{74537888-B62D-4109-A9B7-2DB7161708BA}.DebugISO|x86.ActiveCfg = DebugISO|Win32
		{74537888-B62D-4109-A9B7-2DB7161708BA}.DebugISO|x86.Build.0 = DebugISO|Win32
		{74537888-B62D-4109-A9B7-2DB7161708BA}.Release|x64.ActiveCfg = Release|x64
		{74537888-B62D-4109-A9B7-2DB7161708BA}.Release|x64.Build.0 = Release|x64
		{74537888-B62D-4109-A9B7-2DB7161708BA}.Release|x86.ActiveCfg = Release|Win32
		{74537888-B62D-4109-A9B7-2DB7161708BA}.Release|x86.Build.0 = Release|Win32
		{49A72C94-92FB-4052-B8A0-CC7CE509A83E}.Debug|x64.ActiveCfg = Debug|x64
		{49A72C94-92FB-4052-B8A0-CC7CE509A83E}.Debug|x64.Build.0 = Debug|x64
		{49A72C94-92FB-4052-B8A0-CC7CE509A83E}.Debug|x86.ActiveCfg = Debug|Win32
		{49A72C94-92FB-4052-B8A0-CC7CE509A83E}.Debug|x86.Build.0 = Debug|Win32
		{49A72C94-92FB-4052-B8A0-CC7CE509A83E}.DebugISO|x64.ActiveCfg = DebugISO|x64
		{49A72C94-92FB-4052-B8A0-CC7CE509A83E}.DebugISO|x64.Build.0 = DebugISO|x64
		{49A72C94-92FB-4052-B8A0-CC7CE509A83E}.DebugISO|x86.ActiveCfg = DebugISO|Win32
		{49A72C94-92FB-4052-B8A0-CC7CE509A83E}.DebugISO|x86.Build.0 = DebugISO|Win32
		{49A72C94-92FB-4052-B8A0-CC7CE509A83E}.Release|x64.ActiveCfg = Release|x64
		{49A72C94-92FB-4052-B8A0-CC7CE509A83E}.Release|x64.Build.0 = Release|x64
		{49A72C94-92FB-4052-B8A0-CC7CE509A83E}.Release|x86.ActiveCfg = Release|Win32
		{49A72C94-92FB-4052-B8A0-CC7CE509A83E}.Release|x86.Build.0 = Release|Win32
		{532C3BB1-8D39-44FF-A879-A3E423A0CBC7}.Debug|x64.ActiveCfg = Debug|x64
		{532C3BB1-8D39-44FF-A879-A3E423A0CBC7}.Debug|x64.Build.0 = Debug|x64
		{532C3BB1-8D39-44FF-A879-A3E423A0CBC7}.Debug|x86.ActiveCfg = Debug|Win32
		{532C3BB1-8D39-44FF-A879-A3E423A0CBC7}.Debug|x86.Build.0 = Debug|Win32
		{532C3BB1-8D39-44FF-A879-A3E423A0CBC7}.DebugISO|x64.ActiveCfg = DebugISO|x64
		{532C3BB1-8D39-44FF-A879-A3E423A0CBC7}.DebugISO|x64.Build.0 = DebugISO|x64
		{532C3BB1-8D39-44FF-A879-A3E423A0CBC7}.DebugISO|x86.ActiveCfg = DebugISO|Win32
		{532C3BB1-8D39-44FF-A879-A3E423A0CBC7}.DebugISO|x86.Build.0 = DebugISO|Win32
		{532C3BB1-8D39-44FF-A879-A3E423A0CBC7}.Release|x64.ActiveCfg = Release|x64
		{532C3BB1-8D39-44FF-A879-A3E423A0CBC7}.Release|x64.Build.0 = Release|x64
		{532C3BB1-8D39-44FF-A879-A3E423A0CBC7}.Release|x86.ActiveCfg = Release|Win32
		{532C3BB1-8D39-44FF-A879-A3E423A0CBC7}.Release|x86.Build.0 = Release|Win32
		{65FE00EE-D8E4-4020-A8C2-634F72361B7C}.Debug|x64.ActiveCfg = Debug|x64
		{65FE00EE-D8E4-4020-A8C2-634F72361B7C}.Debug|x64.Build.0 = Debug|x64
		{65FE00EE-D8E4-4020-A8C2-634F72361B7C}.Debug|x86.ActiveCfg = Debug|Win32
		{65FE00EE-D8E4-4020-A8C2-634F72361B7C}.Debug|x86.Build.0 = Debug|Win32
		{65FE00EE-D8E4-4020-A8C2-634F72361B7C}.DebugISO|x64.ActiveCfg = DebugISO|x64
		{65FE00EE-D8E4-4020-A8C2-634F72361B7C}.DebugISO|x64.Build.0 = DebugISO|x64
		{65FE00EE-D8E4-4020-A8C2-634F72361B7C}.DebugISO|x86.ActiveCfg = DebugISO|Win32
		{65FE00EE-D8E4-4020-A8C2-634F72361B7C}.DebugISO|x86.Build.0 = DebugISO|Win32
		{65FE00EE-D8E4-4020-A8C2-634F72361B7C}.Release|x64.ActiveCfg = Release|x64
		{65FE00EE-D8E4-4020-A8C2-634F72361B7C}.Release|x64.Build.0 = Release|x64
		{65FE00EE-D8E4-4020-A8C2-634F72361B7C}.Release|x86.ActiveCfg = Release|Win32
		{65FE00EE-D8E4-4020-A8C2-634F72361B7C}.Release|x86.Build.0 = Release|Win32
	EndGlobalSection
	GlobalSection(SolutionProperties) = preSolution
		HideSolutionNode = FALSE
	EndGlobalSection
EndGlobal
